// !$*UTF8*$!
{
	archiveVersion = 1;
	classes = {
	};
	objectVersion = 56;
	objects = {

/* Begin PBXBuildFile section */
		F806D93B296F594000A4FB95 /* AppDelegate.swift in Sources */ = {isa = PBXBuildFile; fileRef = F806D93A296F594000A4FB95 /* AppDelegate.swift */; };
		F806D93D296F594000A4FB95 /* SceneDelegate.swift in Sources */ = {isa = PBXBuildFile; fileRef = F806D93C296F594000A4FB95 /* SceneDelegate.swift */; };
		F806D944296F594200A4FB95 /* Assets.xcassets in Resources */ = {isa = PBXBuildFile; fileRef = F806D943296F594200A4FB95 /* Assets.xcassets */; };
		F806D947296F594200A4FB95 /* LaunchScreen.storyboard in Resources */ = {isa = PBXBuildFile; fileRef = F806D945296F594200A4FB95 /* LaunchScreen.storyboard */; };
		F8BCC00329700AE400D4A3C9 /* HomeScreen.swift in Sources */ = {isa = PBXBuildFile; fileRef = F8BCC00229700AE400D4A3C9 /* HomeScreen.swift */; };
		F8BCC00529700E6900D4A3C9 /* NetworkManager.swift in Sources */ = {isa = PBXBuildFile; fileRef = F8BCC00429700E6900D4A3C9 /* NetworkManager.swift */; };
		F8BCC007297023F900D4A3C9 /* Movie.swift in Sources */ = {isa = PBXBuildFile; fileRef = F8BCC006297023F900D4A3C9 /* Movie.swift */; };
		F8BCC00929702C4200D4A3C9 /* MovieService.swift in Sources */ = {isa = PBXBuildFile; fileRef = F8BCC00829702C4200D4A3C9 /* MovieService.swift */; };
		F8BD51BD297045B600CF3629 /* APIURLs.swift in Sources */ = {isa = PBXBuildFile; fileRef = F8BD51BC297045B600CF3629 /* APIURLs.swift */; };
		F8BD51BF29704B0300CF3629 /* HomeViewModel.swift in Sources */ = {isa = PBXBuildFile; fileRef = F8BD51BE29704B0300CF3629 /* HomeViewModel.swift */; };
		F8BD51C229706A3B00CF3629 /* UiView+Ext.swift in Sources */ = {isa = PBXBuildFile; fileRef = F8BD51C129706A3B00CF3629 /* UiView+Ext.swift */; };
		F8BD51C429706E1C00CF3629 /* UIHelper.swift in Sources */ = {isa = PBXBuildFile; fileRef = F8BD51C329706E1C00CF3629 /* UIHelper.swift */; };
		F8BD51C62970701E00CF3629 /* CGFloat+Ext.swift in Sources */ = {isa = PBXBuildFile; fileRef = F8BD51C52970701E00CF3629 /* CGFloat+Ext.swift */; };
		F8BD51C82970857300CF3629 /* MovieCell.swift in Sources */ = {isa = PBXBuildFile; fileRef = F8BD51C72970857300CF3629 /* MovieCell.swift */; };
		F8BD51CE2971F56200CF3629 /* PosterImageView.swift in Sources */ = {isa = PBXBuildFile; fileRef = F8BD51CD2971F56200CF3629 /* PosterImageView.swift */; };
		F8BD51D02972BECF00CF3629 /* UICollectionView+Ext.swift in Sources */ = {isa = PBXBuildFile; fileRef = F8BD51CF2972BECF00CF3629 /* UICollectionView+Ext.swift */; };
		F8BD51D32972CFBD00CF3629 /* DetailScreen.swift in Sources */ = {isa = PBXBuildFile; fileRef = F8BD51D22972CFBD00CF3629 /* DetailScreen.swift */; };
/* End PBXBuildFile section */

/* Begin PBXFileReference section */
		F806D937296F594000A4FB95 /* Movies-MVVM.app */ = {isa = PBXFileReference; explicitFileType = wrapper.application; includeInIndex = 0; path = "Movies-MVVM.app"; sourceTree = BUILT_PRODUCTS_DIR; };
		F806D93A296F594000A4FB95 /* AppDelegate.swift */ = {isa = PBXFileReference; lastKnownFileType = sourcecode.swift; path = AppDelegate.swift; sourceTree = "<group>"; };
		F806D93C296F594000A4FB95 /* SceneDelegate.swift */ = {isa = PBXFileReference; lastKnownFileType = sourcecode.swift; path = SceneDelegate.swift; sourceTree = "<group>"; };
		F806D943296F594200A4FB95 /* Assets.xcassets */ = {isa = PBXFileReference; lastKnownFileType = folder.assetcatalog; path = Assets.xcassets; sourceTree = "<group>"; };
		F806D946296F594200A4FB95 /* Base */ = {isa = PBXFileReference; lastKnownFileType = file.storyboard; name = Base; path = Base.lproj/LaunchScreen.storyboard; sourceTree = "<group>"; };
		F806D948296F594200A4FB95 /* Info.plist */ = {isa = PBXFileReference; lastKnownFileType = text.plist.xml; path = Info.plist; sourceTree = "<group>"; };
		F8BCC00229700AE400D4A3C9 /* HomeScreen.swift */ = {isa = PBXFileReference; lastKnownFileType = sourcecode.swift; path = HomeScreen.swift; sourceTree = "<group>"; };
		F8BCC00429700E6900D4A3C9 /* NetworkManager.swift */ = {isa = PBXFileReference; lastKnownFileType = sourcecode.swift; path = NetworkManager.swift; sourceTree = "<group>"; };
		F8BCC006297023F900D4A3C9 /* Movie.swift */ = {isa = PBXFileReference; lastKnownFileType = sourcecode.swift; path = Movie.swift; sourceTree = "<group>"; };
		F8BCC00829702C4200D4A3C9 /* MovieService.swift */ = {isa = PBXFileReference; lastKnownFileType = sourcecode.swift; path = MovieService.swift; sourceTree = "<group>"; };
		F8BD51BC297045B600CF3629 /* APIURLs.swift */ = {isa = PBXFileReference; lastKnownFileType = sourcecode.swift; path = APIURLs.swift; sourceTree = "<group>"; };
		F8BD51BE29704B0300CF3629 /* HomeViewModel.swift */ = {isa = PBXFileReference; lastKnownFileType = sourcecode.swift; path = HomeViewModel.swift; sourceTree = "<group>"; };
		F8BD51C129706A3B00CF3629 /* UiView+Ext.swift */ = {isa = PBXFileReference; lastKnownFileType = sourcecode.swift; path = "UiView+Ext.swift"; sourceTree = "<group>"; };
		F8BD51C329706E1C00CF3629 /* UIHelper.swift */ = {isa = PBXFileReference; lastKnownFileType = sourcecode.swift; path = UIHelper.swift; sourceTree = "<group>"; };
		F8BD51C52970701E00CF3629 /* CGFloat+Ext.swift */ = {isa = PBXFileReference; lastKnownFileType = sourcecode.swift; path = "CGFloat+Ext.swift"; sourceTree = "<group>"; };
		F8BD51C72970857300CF3629 /* MovieCell.swift */ = {isa = PBXFileReference; lastKnownFileType = sourcecode.swift; path = MovieCell.swift; sourceTree = "<group>"; };
		F8BD51CD2971F56200CF3629 /* PosterImageView.swift */ = {isa = PBXFileReference; lastKnownFileType = sourcecode.swift; path = PosterImageView.swift; sourceTree = "<group>"; };
		F8BD51CF2972BECF00CF3629 /* UICollectionView+Ext.swift */ = {isa = PBXFileReference; lastKnownFileType = sourcecode.swift; path = "UICollectionView+Ext.swift"; sourceTree = "<group>"; };
		F8BD51D22972CFBD00CF3629 /* DetailScreen.swift */ = {isa = PBXFileReference; lastKnownFileType = sourcecode.swift; path = DetailScreen.swift; sourceTree = "<group>"; };
/* End PBXFileReference section */

/* Begin PBXFrameworksBuildPhase section */
		F806D934296F594000A4FB95 /* Frameworks */ = {
			isa = PBXFrameworksBuildPhase;
			buildActionMask = 2147483647;
			files = (
			);
			runOnlyForDeploymentPostprocessing = 0;
		};
/* End PBXFrameworksBuildPhase section */

/* Begin PBXGroup section */
		F806D92E296F594000A4FB95 = {
			isa = PBXGroup;
			children = (
				F806D939296F594000A4FB95 /* Movies-MVVM */,
				F806D938296F594000A4FB95 /* Products */,
			);
			sourceTree = "<group>";
		};
		F806D938296F594000A4FB95 /* Products */ = {
			isa = PBXGroup;
			children = (
				F806D937296F594000A4FB95 /* Movies-MVVM.app */,
			);
			name = Products;
			sourceTree = "<group>";
		};
		F806D939296F594000A4FB95 /* Movies-MVVM */ = {
			isa = PBXGroup;
			children = (
				F8BD51C029706A2700CF3629 /* Extensions */,
				F8BCBFFC29700A3600D4A3C9 /* Utilities */,
				F8BCBFFE29700A5400D4A3C9 /* Models */,
				F8BCBFFD29700A4800D4A3C9 /* Services */,
				F8BCBFFF29700A5B00D4A3C9 /* Core */,
				F806D93A296F594000A4FB95 /* AppDelegate.swift */,
				F806D93C296F594000A4FB95 /* SceneDelegate.swift */,
				F806D943296F594200A4FB95 /* Assets.xcassets */,
				F806D945296F594200A4FB95 /* LaunchScreen.storyboard */,
				F806D948296F594200A4FB95 /* Info.plist */,
			);
			path = "Movies-MVVM";
			sourceTree = "<group>";
		};
		F8BCBFFC29700A3600D4A3C9 /* Utilities */ = {
			isa = PBXGroup;
			children = (
				F8BCC00429700E6900D4A3C9 /* NetworkManager.swift */,
				F8BD51BC297045B600CF3629 /* APIURLs.swift */,
				F8BD51C329706E1C00CF3629 /* UIHelper.swift */,
			);
			path = Utilities;
			sourceTree = "<group>";
		};
		F8BCBFFD29700A4800D4A3C9 /* Services */ = {
			isa = PBXGroup;
			children = (
				F8BCC00829702C4200D4A3C9 /* MovieService.swift */,
			);
			path = Services;
			sourceTree = "<group>";
		};
		F8BCBFFE29700A5400D4A3C9 /* Models */ = {
			isa = PBXGroup;
			children = (
				F8BCC006297023F900D4A3C9 /* Movie.swift */,
			);
			path = Models;
			sourceTree = "<group>";
		};
		F8BCBFFF29700A5B00D4A3C9 /* Core */ = {
			isa = PBXGroup;
			children = (
				F8BCC00029700A6200D4A3C9 /* Components */,
				F8BCC00129700A6C00D4A3C9 /* HomeScreen */,
				F8BD51D12972CF9500CF3629 /* DetailScreen */,
			);
			path = Core;
			sourceTree = "<group>";
		};
		F8BCC00029700A6200D4A3C9 /* Components */ = {
			isa = PBXGroup;
			children = (
				F8BD51C72970857300CF3629 /* MovieCell.swift */,
				F8BD51CD2971F56200CF3629 /* PosterImageView.swift */,
			);
			path = Components;
			sourceTree = "<group>";
		};
		F8BCC00129700A6C00D4A3C9 /* HomeScreen */ = {
			isa = PBXGroup;
			children = (
				F8BCC00229700AE400D4A3C9 /* HomeScreen.swift */,
				F8BD51BE29704B0300CF3629 /* HomeViewModel.swift */,
			);
			path = HomeScreen;
			sourceTree = "<group>";
		};
		F8BD51C029706A2700CF3629 /* Extensions */ = {
			isa = PBXGroup;
			children = (
				F8BD51C129706A3B00CF3629 /* UiView+Ext.swift */,
				F8BD51C52970701E00CF3629 /* CGFloat+Ext.swift */,
				F8BD51CF2972BECF00CF3629 /* UICollectionView+Ext.swift */,
			);
			path = Extensions;
			sourceTree = "<group>";
		};
		F8BD51D12972CF9500CF3629 /* DetailScreen */ = {
			isa = PBXGroup;
			children = (
				F8BD51D22972CFBD00CF3629 /* DetailScreen.swift */,
			);
			path = DetailScreen;
			sourceTree = "<group>";
		};
/* End PBXGroup section */

/* Begin PBXNativeTarget section */
		F806D936296F594000A4FB95 /* Movies-MVVM */ = {
			isa = PBXNativeTarget;
			buildConfigurationList = F806D94B296F594200A4FB95 /* Build configuration list for PBXNativeTarget "Movies-MVVM" */;
			buildPhases = (
				F806D933296F594000A4FB95 /* Sources */,
				F806D934296F594000A4FB95 /* Frameworks */,
				F806D935296F594000A4FB95 /* Resources */,
			);
			buildRules = (
			);
			dependencies = (
			);
			name = "Movies-MVVM";
			productName = "Movies-MVVM";
			productReference = F806D937296F594000A4FB95 /* Movies-MVVM.app */;
			productType = "com.apple.product-type.application";
		};
/* End PBXNativeTarget section */

/* Begin PBXProject section */
		F806D92F296F594000A4FB95 /* Project object */ = {
			isa = PBXProject;
			attributes = {
				BuildIndependentTargetsInParallel = 1;
				LastSwiftUpdateCheck = 1420;
				LastUpgradeCheck = 1420;
				TargetAttributes = {
					F806D936296F594000A4FB95 = {
						CreatedOnToolsVersion = 14.2;
					};
				};
			};
			buildConfigurationList = F806D932296F594000A4FB95 /* Build configuration list for PBXProject "Movies-MVVM" */;
			compatibilityVersion = "Xcode 14.0";
			developmentRegion = en;
			hasScannedForEncodings = 0;
			knownRegions = (
				en,
				Base,
			);
			mainGroup = F806D92E296F594000A4FB95;
			productRefGroup = F806D938296F594000A4FB95 /* Products */;
			projectDirPath = "";
			projectRoot = "";
			targets = (
				F806D936296F594000A4FB95 /* Movies-MVVM */,
			);
		};
/* End PBXProject section */

/* Begin PBXResourcesBuildPhase section */
		F806D935296F594000A4FB95 /* Resources */ = {
			isa = PBXResourcesBuildPhase;
			buildActionMask = 2147483647;
			files = (
				F806D947296F594200A4FB95 /* LaunchScreen.storyboard in Resources */,
				F806D944296F594200A4FB95 /* Assets.xcassets in Resources */,
			);
			runOnlyForDeploymentPostprocessing = 0;
		};
/* End PBXResourcesBuildPhase section */

/* Begin PBXSourcesBuildPhase section */
		F806D933296F594000A4FB95 /* Sources */ = {
			isa = PBXSourcesBuildPhase;
			buildActionMask = 2147483647;
			files = (
				F8BCC00929702C4200D4A3C9 /* MovieService.swift in Sources */,
				F8BCC00529700E6900D4A3C9 /* NetworkManager.swift in Sources */,
				F8BD51C82970857300CF3629 /* MovieCell.swift in Sources */,
				F806D93B296F594000A4FB95 /* AppDelegate.swift in Sources */,
				F8BD51C62970701E00CF3629 /* CGFloat+Ext.swift in Sources */,
				F8BD51D32972CFBD00CF3629 /* DetailScreen.swift in Sources */,
				F8BD51C429706E1C00CF3629 /* UIHelper.swift in Sources */,
				F8BD51BF29704B0300CF3629 /* HomeViewModel.swift in Sources */,
				F806D93D296F594000A4FB95 /* SceneDelegate.swift in Sources */,
				F8BD51C229706A3B00CF3629 /* UiView+Ext.swift in Sources */,
				F8BD51BD297045B600CF3629 /* APIURLs.swift in Sources */,
				F8BD51D02972BECF00CF3629 /* UICollectionView+Ext.swift in Sources */,
				F8BCC00329700AE400D4A3C9 /* HomeScreen.swift in Sources */,
				F8BD51CE2971F56200CF3629 /* PosterImageView.swift in Sources */,
				F8BCC007297023F900D4A3C9 /* Movie.swift in Sources */,
			);
			runOnlyForDeploymentPostprocessing = 0;
		};
/* End PBXSourcesBuildPhase section */

/* Begin PBXVariantGroup section */
		F806D945296F594200A4FB95 /* LaunchScreen.storyboard */ = {
			isa = PBXVariantGroup;
			children = (
				F806D946296F594200A4FB95 /* Base */,
			);
			name = LaunchScreen.storyboard;
			sourceTree = "<group>";
		};
/* End PBXVariantGroup section */

/* Begin XCBuildConfiguration section */
		F806D949296F594200A4FB95 /* Debug */ = {
			isa = XCBuildConfiguration;
			buildSettings = {
				ALWAYS_SEARCH_USER_PATHS = NO;
				CLANG_ANALYZER_NONNULL = YES;
				CLANG_ANALYZER_NUMBER_OBJECT_CONVERSION = YES_AGGRESSIVE;
				CLANG_CXX_LANGUAGE_STANDARD = "gnu++20";
				CLANG_ENABLE_MODULES = YES;
				CLANG_ENABLE_OBJC_ARC = YES;
				CLANG_ENABLE_OBJC_WEAK = YES;
				CLANG_WARN_BLOCK_CAPTURE_AUTORELEASING = YES;
				CLANG_WARN_BOOL_CONVERSION = YES;
				CLANG_WARN_COMMA = YES;
				CLANG_WARN_CONSTANT_CONVERSION = YES;
				CLANG_WARN_DEPRECATED_OBJC_IMPLEMENTATIONS = YES;
				CLANG_WARN_DIRECT_OBJC_ISA_USAGE = YES_ERROR;
				CLANG_WARN_DOCUMENTATION_COMMENTS = YES;
				CLANG_WARN_EMPTY_BODY = YES;
				CLANG_WARN_ENUM_CONVERSION = YES;
				CLANG_WARN_INFINITE_RECURSION = YES;
				CLANG_WARN_INT_CONVERSION = YES;
				CLANG_WARN_NON_LITERAL_NULL_CONVERSION = YES;
				CLANG_WARN_OBJC_IMPLICIT_RETAIN_SELF = YES;
				CLANG_WARN_OBJC_LITERAL_CONVERSION = YES;
				CLANG_WARN_OBJC_ROOT_CLASS = YES_ERROR;
				CLANG_WARN_QUOTED_INCLUDE_IN_FRAMEWORK_HEADER = YES;
				CLANG_WARN_RANGE_LOOP_ANALYSIS = YES;
				CLANG_WARN_STRICT_PROTOTYPES = YES;
				CLANG_WARN_SUSPICIOUS_MOVE = YES;
				CLANG_WARN_UNGUARDED_AVAILABILITY = YES_AGGRESSIVE;
				CLANG_WARN_UNREACHABLE_CODE = YES;
				CLANG_WARN__DUPLICATE_METHOD_MATCH = YES;
				COPY_PHASE_STRIP = NO;
				DEBUG_INFORMATION_FORMAT = dwarf;
				ENABLE_STRICT_OBJC_MSGSEND = YES;
				ENABLE_TESTABILITY = YES;
				GCC_C_LANGUAGE_STANDARD = gnu11;
				GCC_DYNAMIC_NO_PIC = NO;
				GCC_NO_COMMON_BLOCKS = YES;
				GCC_OPTIMIZATION_LEVEL = 0;
				GCC_PREPROCESSOR_DEFINITIONS = (
					"DEBUG=1",
					"$(inherited)",
				);
				GCC_WARN_64_TO_32_BIT_CONVERSION = YES;
				GCC_WARN_ABOUT_RETURN_TYPE = YES_ERROR;
				GCC_WARN_UNDECLARED_SELECTOR = YES;
				GCC_WARN_UNINITIALIZED_AUTOS = YES_AGGRESSIVE;
				GCC_WARN_UNUSED_FUNCTION = YES;
				GCC_WARN_UNUSED_VARIABLE = YES;
				IPHONEOS_DEPLOYMENT_TARGET = 16.2;
				MTL_ENABLE_DEBUG_INFO = INCLUDE_SOURCE;
				MTL_FAST_MATH = YES;
				ONLY_ACTIVE_ARCH = YES;
				SDKROOT = iphoneos;
				SWIFT_ACTIVE_COMPILATION_CONDITIONS = DEBUG;
				SWIFT_OPTIMIZATION_LEVEL = "-Onone";
			};
			name = Debug;
		};
		F806D94A296F594200A4FB95 /* Release */ = {
			isa = XCBuildConfiguration;
			buildSettings = {
				ALWAYS_SEARCH_USER_PATHS = NO;
				CLANG_ANALYZER_NONNULL = YES;
				CLANG_ANALYZER_NUMBER_OBJECT_CONVERSION = YES_AGGRESSIVE;
				CLANG_CXX_LANGUAGE_STANDARD = "gnu++20";
				CLANG_ENABLE_MODULES = YES;
				CLANG_ENABLE_OBJC_ARC = YES;
				CLANG_ENABLE_OBJC_WEAK = YES;
				CLANG_WARN_BLOCK_CAPTURE_AUTORELEASING = YES;
				CLANG_WARN_BOOL_CONVERSION = YES;
				CLANG_WARN_COMMA = YES;
				CLANG_WARN_CONSTANT_CONVERSION = YES;
				CLANG_WARN_DEPRECATED_OBJC_IMPLEMENTATIONS = YES;
				CLANG_WARN_DIRECT_OBJC_ISA_USAGE = YES_ERROR;
				CLANG_WARN_DOCUMENTATION_COMMENTS = YES;
				CLANG_WARN_EMPTY_BODY = YES;
				CLANG_WARN_ENUM_CONVERSION = YES;
				CLANG_WARN_INFINITE_RECURSION = YES;
				CLANG_WARN_INT_CONVERSION = YES;
				CLANG_WARN_NON_LITERAL_NULL_CONVERSION = YES;
				CLANG_WARN_OBJC_IMPLICIT_RETAIN_SELF = YES;
				CLANG_WARN_OBJC_LITERAL_CONVERSION = YES;
				CLANG_WARN_OBJC_ROOT_CLASS = YES_ERROR;
				CLANG_WARN_QUOTED_INCLUDE_IN_FRAMEWORK_HEADER = YES;
				CLANG_WARN_RANGE_LOOP_ANALYSIS = YES;
				CLANG_WARN_STRICT_PROTOTYPES = YES;
				CLANG_WARN_SUSPICIOUS_MOVE = YES;
				CLANG_WARN_UNGUARDED_AVAILABILITY = YES_AGGRESSIVE;
				CLANG_WARN_UNREACHABLE_CODE = YES;
				CLANG_WARN__DUPLICATE_METHOD_MATCH = YES;
				COPY_PHASE_STRIP = NO;
				DEBUG_INFORMATION_FORMAT = "dwarf-with-dsym";
				ENABLE_NS_ASSERTIONS = NO;
				ENABLE_STRICT_OBJC_MSGSEND = YES;
				GCC_C_LANGUAGE_STANDARD = gnu11;
				GCC_NO_COMMON_BLOCKS = YES;
				GCC_WARN_64_TO_32_BIT_CONVERSION = YES;
				GCC_WARN_ABOUT_RETURN_TYPE = YES_ERROR;
				GCC_WARN_UNDECLARED_SELECTOR = YES;
				GCC_WARN_UNINITIALIZED_AUTOS = YES_AGGRESSIVE;
				GCC_WARN_UNUSED_FUNCTION = YES;
				GCC_WARN_UNUSED_VARIABLE = YES;
				IPHONEOS_DEPLOYMENT_TARGET = 16.2;
				MTL_ENABLE_DEBUG_INFO = NO;
				MTL_FAST_MATH = YES;
				SDKROOT = iphoneos;
				SWIFT_COMPILATION_MODE = wholemodule;
				SWIFT_OPTIMIZATION_LEVEL = "-O";
				VALIDATE_PRODUCT = YES;
			};
			name = Release;
		};
		F806D94C296F594200A4FB95 /* Debug */ = {
			isa = XCBuildConfiguration;
			buildSettings = {
				ASSETCATALOG_COMPILER_APPICON_NAME = AppIcon;
				ASSETCATALOG_COMPILER_GLOBAL_ACCENT_COLOR_NAME = AccentColor;
				CODE_SIGN_STYLE = Automatic;
				CURRENT_PROJECT_VERSION = 1;
				DEVELOPMENT_TEAM = YJ7V6XM9BJ;
				GENERATE_INFOPLIST_FILE = YES;
				INFOPLIST_FILE = "Movies-MVVM/Info.plist";
				INFOPLIST_KEY_UIApplicationSupportsIndirectInputEvents = YES;
				INFOPLIST_KEY_UILaunchStoryboardName = LaunchScreen;
				INFOPLIST_KEY_UISupportedInterfaceOrientations_iPad = "UIInterfaceOrientationPortrait UIInterfaceOrientationPortraitUpsideDown UIInterfaceOrientationLandscapeLeft UIInterfaceOrientationLandscapeRight";
				INFOPLIST_KEY_UISupportedInterfaceOrientations_iPhone = "UIInterfaceOrientationPortrait UIInterfaceOrientationLandscapeLeft UIInterfaceOrientationLandscapeRight";
				IPHONEOS_DEPLOYMENT_TARGET = 16.2;
				LD_RUNPATH_SEARCH_PATHS = (
					"$(inherited)",
					"@executable_path/Frameworks",
				);
				MARKETING_VERSION = 1.0;
				PRODUCT_BUNDLE_IDENTIFIER = "com.haliskayar.Movies-MVVM";
				PRODUCT_NAME = "$(TARGET_NAME)";
				SWIFT_EMIT_LOC_STRINGS = YES;
				SWIFT_VERSION = 5.0;
				TARGETED_DEVICE_FAMILY = "1,2";
			};
			name = Debug;
		};
		F806D94D296F594200A4FB95 /* Release */ = {
			isa = XCBuildConfiguration;
			buildSettings = {
				ASSETCATALOG_COMPILER_APPICON_NAME = AppIcon;
				ASSETCATALOG_COMPILER_GLOBAL_ACCENT_COLOR_NAME = AccentColor;
				CODE_SIGN_STYLE = Automatic;
				CURRENT_PROJECT_VERSION = 1;
				DEVELOPMENT_TEAM = YJ7V6XM9BJ;
				GENERATE_INFOPLIST_FILE = YES;
				INFOPLIST_FILE = "Movies-MVVM/Info.plist";
				INFOPLIST_KEY_UIApplicationSupportsIndirectInputEvents = YES;
				INFOPLIST_KEY_UILaunchStoryboardName = LaunchScreen;
				INFOPLIST_KEY_UISupportedInterfaceOrientations_iPad = "UIInterfaceOrientationPortrait UIInterfaceOrientationPortraitUpsideDown UIInterfaceOrientationLandscapeLeft UIInterfaceOrientationLandscapeRight";
				INFOPLIST_KEY_UISupportedInterfaceOrientations_iPhone = "UIInterfaceOrientationPortrait UIInterfaceOrientationLandscapeLeft UIInterfaceOrientationLandscapeRight";
				IPHONEOS_DEPLOYMENT_TARGET = 16.2;
				LD_RUNPATH_SEARCH_PATHS = (
					"$(inherited)",
					"@executable_path/Frameworks",
				);
				MARKETING_VERSION = 1.0;
				PRODUCT_BUNDLE_IDENTIFIER = "com.haliskayar.Movies-MVVM";
				PRODUCT_NAME = "$(TARGET_NAME)";
				SWIFT_EMIT_LOC_STRINGS = YES;
				SWIFT_VERSION = 5.0;
				TARGETED_DEVICE_FAMILY = "1,2";
			};
			name = Release;
		};
/* End XCBuildConfiguration section */

/* Begin XCConfigurationList section */
		F806D932296F594000A4FB95 /* Build configuration list for PBXProject "Movies-MVVM" */ = {
			isa = XCConfigurationList;
			buildConfigurations = (
				F806D949296F594200A4FB95 /* Debug */,
				F806D94A296F594200A4FB95 /* Release */,
			);
			defaultConfigurationIsVisible = 0;
			defaultConfigurationName = Release;
		};
		F806D94B296F594200A4FB95 /* Build configuration list for PBXNativeTarget "Movies-MVVM" */ = {
			isa = XCConfigurationList;
			buildConfigurations = (
				F806D94C296F594200A4FB95 /* Debug */,
				F806D94D296F594200A4FB95 /* Release */,
			);
			defaultConfigurationIsVisible = 0;
			defaultConfigurationName = Release;
		};
/* End XCConfigurationList section */
	};
	rootObject = F806D92F296F594000A4FB95 /* Project object */;
}
